
Microsoft Visual Studio Solution File, Format Version 12.00
# Visual Studio Version 16
VisualStudioVersion = 16.0.30907.101
MinimumVisualStudioVersion = 10.0.40219.1
Project("{FAE04EC0-301F-11D3-BF4B-00C04F79EFBC}") = "kafesitesi", "kafesitesi\kafesitesi.csproj", "{7AC79A29-0983-42EC-8ADD-2E468B29A0A2}"
EndProject
Global
	GlobalSection(SolutionConfigurationPlatforms) = preSolution
		Debug|Any CPU = Debug|Any CPU
		Release|Any CPU = Release|Any CPU
	EndGlobalSection
	GlobalSection(ProjectConfigurationPlatforms) = postSolution
		{7AC79A29-0983-42EC-8ADD-2E468B29A0A2}.Debug|Any CPU.ActiveCfg = Debug|Any CPU
		{7AC79A29-0983-42EC-8ADD-2E468B29A0A2}.Debug|Any CPU.Build.0 = Debug|Any CPU
		{7AC79A29-0983-42EC-8ADD-2E468B29A0A2}.Release|Any CPU.ActiveCfg = Release|Any CPU
		{7AC79A29-0983-42EC-8ADD-2E468B29A0A2}.Release|Any CPU.Build.0 = Release|Any CPU
	EndGlobalSection
	GlobalSection(SolutionProperties) = preSolution
		HideSolutionNode = FALSE
	EndGlobalSection
	GlobalSection(ExtensibilityGlobals) = postSolution
		SolutionGuid = {36603623-21D8-43E6-B700-869449807F6F}
	EndGlobalSection
EndGlobal
